
Microsoft Visual Studio Solution File, Format Version 12.00
Project("{FAE04EC0-301F-11D3-BF4B-00C04F79EFBC}") = "calimolite", "calimolite\calimolite.csproj", "{9527988A-9ADC-45F8-B3E3-C09B66C5D5D7}"
EndProject
Global
	GlobalSection(SolutionConfigurationPlatforms) = preSolution
		Debug|Any CPU = Debug|Any CPU
		Release|Any CPU = Release|Any CPU
	EndGlobalSection
	GlobalSection(ProjectConfigurationPlatforms) = postSolution
		{9527988A-9ADC-45F8-B3E3-C09B66C5D5D7}.Debug|Any CPU.ActiveCfg = Debug|Any CPU
		{9527988A-9ADC-45F8-B3E3-C09B66C5D5D7}.Debug|Any CPU.Build.0 = Debug|Any CPU
		{9527988A-9ADC-45F8-B3E3-C09B66C5D5D7}.Release|Any CPU.ActiveCfg = Release|Any CPU
		{9527988A-9ADC-45F8-B3E3-C09B66C5D5D7}.Release|Any CPU.Build.0 = Release|Any CPU
	EndGlobalSection
EndGlobal
